<?xml version="1.0" encoding="utf-8"?>
<Project ToolsVersion="4.0" xmlns="http://schemas.microsoft.com/developer/msbuild/2003">
  <ItemGroup>
    <Filter Include="Arquivos de Origem">
      <UniqueIdentifier>{4FC737F1-C7A5-4376-A066-2A32D752A2FF}</UniqueIdentifier>
      <Extensions>cpp;c;cc;cxx;c++;cppm;ixx;def;odl;idl;hpj;bat;asm;asmx</Extensions>
    </Filter>
    <Filter Include="Arquivos de Recurso">
      <UniqueIdentifier>{67DA6AB6-F800-4c08-8B7A-83BB121AAD01}</UniqueIdentifier>
      <Extensions>rc;ico;cur;bmp;dlg;rc2;rct;bin;rgs;gif;jpg;jpeg;jpe;resx;tiff;tif;png;wav;mfcribbon-ms</Extensions>
    </Filter>
    <Filter Include="Arquivos de Cabeçalho">
      <UniqueIdentifier>{93995380-89BD-4b04-88EB-625FBE52EBFB}</UniqueIdentifier>
      <Extensions>h;hh;hpp;hxx;h++;hm;inl;inc;ipp;xsd</Extensions>
    </Filter>
    <Filter Include="Arquivos de Cabeçalho\lang">
      <UniqueIdentifier>{234d5861-db2d-470f-898a-0b141e045168}</UniqueIdentifier>
    </Filter>
    <Filter Include="Arquivos de Cabeçalho\csv">
      <UniqueIdentifier>{b65d72ba-8c22-40e7-88be-43a3119994af}</UniqueIdentifier>
    </Filter>
    <Filter Include="Arquivos de Cabeçalho\plog">
      <UniqueIdentifier>{e441f686-8855-47ef-9652-3a96ab71fc24}</UniqueIdentifier>
    </Filter>
    <Filter Include="Arquivos de Cabeçalho\plog\Appenders">
      <UniqueIdentifier>{9aa5d5df-c17e-49b8-8162-2b74f96ff26d}</UniqueIdentifier>
    </Filter>
    <Filter Include="Arquivos de Cabeçalho\plog\Converters">
      <UniqueIdentifier>{f35924d1-1e9f-4db9-bd94-187ba3fc4925}</UniqueIdentifier>
    </Filter>
    <Filter Include="Arquivos de Cabeçalho\plog\Formatters">
      <UniqueIdentifier>{4389602c-a829-4050-bbe7-34341fb4b5a2}</UniqueIdentifier>
    </Filter>
    <Filter Include="Arquivos de Cabeçalho\rapidxml">
      <UniqueIdentifier>{edfb1345-0423-4356-a957-033caa2f7ac2}</UniqueIdentifier>
    </Filter>
    <Filter Include="Arquivos de Cabeçalho\ini">
      <UniqueIdentifier>{2d75f76d-98c3-40fb-b587-fe1cec1c648d}</UniqueIdentifier>
    </Filter>
    <Filter Include="Arquivos de Cabeçalho\sys">
      <UniqueIdentifier>{e27e0539-40da-44e9-9523-1056c9fb8ae9}</UniqueIdentifier>
    </Filter>
    <Filter Include="Arquivos de Cabeçalho\unity">
      <UniqueIdentifier>{8937931b-2700-4071-90fc-0ba3ccc16cf3}</UniqueIdentifier>
    </Filter>
  </ItemGroup>
  <ItemGroup>
    <ClCompile Include="main.cpp">
      <Filter>Arquivos de Origem</Filter>
    </ClCompile>
    <ClCompile Include="src\Console.cpp">
      <Filter>Arquivos de Origem</Filter>
    </ClCompile>
    <ClCompile Include="src\cppfunctions.cpp">
      <Filter>Arquivos de Origem</Filter>
    </ClCompile>
    <ClCompile Include="src\Csv.cpp">
      <Filter>Arquivos de Origem</Filter>
    </ClCompile>
    <ClCompile Include="src\DoubleBuffer.cpp">
      <Filter>Arquivos de Origem</Filter>
    </ClCompile>
    <ClCompile Include="src\ini.cpp">
      <Filter>Arquivos de Origem</Filter>
    </ClCompile>
    <ClCompile Include="src\INIReader.cpp">
      <Filter>Arquivos de Origem</Filter>
    </ClCompile>
    <ClCompile Include="src\IntBuffer.cpp">
      <Filter>Arquivos de Origem</Filter>
    </ClCompile>
    <ClCompile Include="src\StrBuffer.cpp">
      <Filter>Arquivos de Origem</Filter>
    </ClCompile>
    <ClCompile Include="src\unity.c">
      <Filter>Arquivos de Origem</Filter>
    </ClCompile>
  </ItemGroup>
  <ItemGroup>
    <ClInclude Include="include\CppTools.h">
      <Filter>Arquivos de Cabeçalho</Filter>
    </ClInclude>
    <ClInclude Include="include\lang\Console.h">
      <Filter>Arquivos de Cabeçalho\lang</Filter>
    </ClInclude>
    <ClInclude Include="include\lang\Namespaces.h">
      <Filter>Arquivos de Cabeçalho\lang</Filter>
    </ClInclude>
    <ClInclude Include="include\lang\StrBuffer.h">
      <Filter>Arquivos de Cabeçalho\lang</Filter>
    </ClInclude>
    <ClInclude Include="include\csv\Csv.h">
      <Filter>Arquivos de Cabeçalho\csv</Filter>
    </ClInclude>
    <ClInclude Include="include\plog\Formatters\CsvFormatter.h">
      <Filter>Arquivos de Cabeçalho\plog\Formatters</Filter>
    </ClInclude>
    <ClInclude Include="include\plog\Appenders\AndroidAppender.h">
      <Filter>Arquivos de Cabeçalho\plog\Appenders</Filter>
    </ClInclude>
    <ClInclude Include="include\plog\Appenders\ColorConsoleAppender.h">
      <Filter>Arquivos de Cabeçalho\plog\Appenders</Filter>
    </ClInclude>
    <ClInclude Include="include\plog\Appenders\ConsoleAppender.h">
      <Filter>Arquivos de Cabeçalho\plog\Appenders</Filter>
    </ClInclude>
    <ClInclude Include="include\plog\Appenders\DebugOutputAppender.h">
      <Filter>Arquivos de Cabeçalho\plog\Appenders</Filter>
    </ClInclude>
    <ClInclude Include="include\plog\Appenders\EventLogAppender.h">
      <Filter>Arquivos de Cabeçalho\plog\Appenders</Filter>
    </ClInclude>
    <ClInclude Include="include\plog\Appenders\IAppender.h">
      <Filter>Arquivos de Cabeçalho\plog\Formatters</Filter>
    </ClInclude>
    <ClInclude Include="include\plog\Formatters\MessageOnlyFormatter.h">
      <Filter>Arquivos de Cabeçalho\plog\Formatters</Filter>
    </ClInclude>
    <ClInclude Include="include\plog\Formatters\FuncMessageFormatter.h">
      <Filter>Arquivos de Cabeçalho\plog\Formatters</Filter>
    </ClInclude>
    <ClInclude Include="include\plog\Formatters\TxtFormatter.h">
      <Filter>Arquivos de Cabeçalho\plog\Formatters</Filter>
    </ClInclude>
    <ClInclude Include="include\rapidxml\rapidxml_utils.hpp">
      <Filter>Arquivos de Cabeçalho\rapidxml</Filter>
    </ClInclude>
    <ClInclude Include="include\rapidxml\rapidxml_print.hpp">
      <Filter>Arquivos de Cabeçalho\rapidxml</Filter>
    </ClInclude>
    <ClInclude Include="include\rapidxml\rapidxml_iterators.hpp">
      <Filter>Arquivos de Cabeçalho\rapidxml</Filter>
    </ClInclude>
    <ClInclude Include="include\rapidxml\rapidxml.hpp">
      <Filter>Arquivos de Cabeçalho\rapidxml</Filter>
    </ClInclude>
    <ClInclude Include="include\plog\Init.h">
      <Filter>Arquivos de Cabeçalho\plog</Filter>
    </ClInclude>
    <ClInclude Include="include\plog\Util.h">
      <Filter>Arquivos de Cabeçalho\plog</Filter>
    </ClInclude>
    <ClInclude Include="include\plog\WinApi.h">
      <Filter>Arquivos de Cabeçalho\plog</Filter>
    </ClInclude>
    <ClInclude Include="include\plog\Log.h">
      <Filter>Arquivos de Cabeçalho\plog</Filter>
    </ClInclude>
    <ClInclude Include="include\plog\Logger.h">
      <Filter>Arquivos de Cabeçalho\plog</Filter>
    </ClInclude>
    <ClInclude Include="include\plog\PlogMacros.h">
      <Filter>Arquivos de Cabeçalho\plog</Filter>
    </ClInclude>
    <ClInclude Include="include\ini\ini.h">
      <Filter>Arquivos de Cabeçalho\ini</Filter>
    </ClInclude>
    <ClInclude Include="include\ini\INIReader.h">
      <Filter>Arquivos de Cabeçalho\ini</Filter>
    </ClInclude>
    <ClInclude Include="include\plog\Converters\UTF8Converter.h">
      <Filter>Arquivos de Cabeçalho\plog\Converters</Filter>
    </ClInclude>
    <ClInclude Include="include\plog\Converters\NativeEOLConverter.h">
      <Filter>Arquivos de Cabeçalho\plog\Converters</Filter>
    </ClInclude>
    <ClInclude Include="include\plog\Record.h">
      <Filter>Arquivos de Cabeçalho\plog</Filter>
    </ClInclude>
    <ClInclude Include="include\plog\Appenders\RollingFileAppender.h">
      <Filter>Arquivos de Cabeçalho\plog\Appenders</Filter>
    </ClInclude>
    <ClInclude Include="include\lang\Defines.h">
      <Filter>Arquivos de Cabeçalho\lang</Filter>
    </ClInclude>
    <ClInclude Include="include\lang\DoubleBuffer.h">
      <Filter>Arquivos de Cabeçalho\lang</Filter>
    </ClInclude>
    <ClInclude Include="include\ini\IntBuffer.h">
      <Filter>Arquivos de Cabeçalho\lang</Filter>
    </ClInclude>
    <ClInclude Include="include\lang\cppfunctions.h">
      <Filter>Arquivos de Cabeçalho\lang</Filter>
    </ClInclude>
    <ClInclude Include="include\sys\wait.h">
      <Filter>Arquivos de Cabeçalho\sys</Filter>
    </ClInclude>
    <ClInclude Include="include\unity\unity.h">
      <Filter>Arquivos de Cabeçalho\unity</Filter>
    </ClInclude>
    <ClInclude Include="include\unity\unity_internals.h">
      <Filter>Arquivos de Cabeçalho\unity</Filter>
    </ClInclude>
    <ClInclude Include="include\plog\Severity.h">
      <Filter>Arquivos de Cabeçalho\plog</Filter>
    </ClInclude>
  </ItemGroup>
</Project>