
Microsoft Visual Studio Solution File, Format Version 12.00
# Visual Studio Version 16
VisualStudioVersion = 16.0.29215.179
MinimumVisualStudioVersion = 10.0.40219.1
Project("{8BC9CEB8-8B4A-11D0-8D11-00A0C91BC942}") = "WinCppTools", "WinCppTools\WinCppTools.vcxproj", "{C527E314-7D7A-4146-8B75-8793BD709339}"
EndProject
Project("{8BC9CEB8-8B4A-11D0-8D11-00A0C91BC942}") = "CppTools", "CppTools\CppTools.vcxproj", "{042AEB39-916F-41BC-954E-D095E802D055}"
EndProject
Project("{8BC9CEB8-8B4A-11D0-8D11-00A0C91BC942}") = "CppTools.UnityTests", "CppTools.UnityTests\CppTools.UnityTests.vcxproj", "{62E86FE6-99C6-4795-AB1F-F3172A6A530F}"
EndProject
Global
	GlobalSection(SolutionConfigurationPlatforms) = preSolution
		Debug|x64 = Debug|x64
		Debug|x86 = Debug|x86
		Release|x64 = Release|x64
		Release|x86 = Release|x86
	EndGlobalSection
	GlobalSection(ProjectConfigurationPlatforms) = postSolution
		{C527E314-7D7A-4146-8B75-8793BD709339}.Debug|x64.ActiveCfg = Debug|x64
		{C527E314-7D7A-4146-8B75-8793BD709339}.Debug|x64.Build.0 = Debug|x64
		{C527E314-7D7A-4146-8B75-8793BD709339}.Debug|x86.ActiveCfg = Debug|Win32
		{C527E314-7D7A-4146-8B75-8793BD709339}.Debug|x86.Build.0 = Debug|Win32
		{C527E314-7D7A-4146-8B75-8793BD709339}.Release|x64.ActiveCfg = Release|x64
		{C527E314-7D7A-4146-8B75-8793BD709339}.Release|x64.Build.0 = Release|x64
		{C527E314-7D7A-4146-8B75-8793BD709339}.Release|x86.ActiveCfg = Release|Win32
		{C527E314-7D7A-4146-8B75-8793BD709339}.Release|x86.Build.0 = Release|Win32
		{042AEB39-916F-41BC-954E-D095E802D055}.Debug|x64.ActiveCfg = Debug|x64
		{042AEB39-916F-41BC-954E-D095E802D055}.Debug|x64.Build.0 = Debug|x64
		{042AEB39-916F-41BC-954E-D095E802D055}.Debug|x86.ActiveCfg = Debug|Win32
		{042AEB39-916F-41BC-954E-D095E802D055}.Debug|x86.Build.0 = Debug|Win32
		{042AEB39-916F-41BC-954E-D095E802D055}.Release|x64.ActiveCfg = Release|x64
		{042AEB39-916F-41BC-954E-D095E802D055}.Release|x64.Build.0 = Release|x64
		{042AEB39-916F-41BC-954E-D095E802D055}.Release|x86.ActiveCfg = Release|Win32
		{042AEB39-916F-41BC-954E-D095E802D055}.Release|x86.Build.0 = Release|Win32
		{62E86FE6-99C6-4795-AB1F-F3172A6A530F}.Debug|x64.ActiveCfg = Debug|x64
		{62E86FE6-99C6-4795-AB1F-F3172A6A530F}.Debug|x64.Build.0 = Debug|x64
		{62E86FE6-99C6-4795-AB1F-F3172A6A530F}.Debug|x86.ActiveCfg = Debug|Win32
		{62E86FE6-99C6-4795-AB1F-F3172A6A530F}.Debug|x86.Build.0 = Debug|Win32
		{62E86FE6-99C6-4795-AB1F-F3172A6A530F}.Release|x64.ActiveCfg = Release|x64
		{62E86FE6-99C6-4795-AB1F-F3172A6A530F}.Release|x64.Build.0 = Release|x64
		{62E86FE6-99C6-4795-AB1F-F3172A6A530F}.Release|x86.ActiveCfg = Release|Win32
		{62E86FE6-99C6-4795-AB1F-F3172A6A530F}.Release|x86.Build.0 = Release|Win32
	EndGlobalSection
	GlobalSection(SolutionProperties) = preSolution
		HideSolutionNode = FALSE
	EndGlobalSection
	GlobalSection(ExtensibilityGlobals) = postSolution
		SolutionGuid = {12F052F3-271F-4191-A519-BE32FEE4BB45}
	EndGlobalSection
EndGlobal
